
Microsoft Visual Studio Solution File, Format Version 11.00
# Visual C++ Express 2010
Project("{8BC9CEB8-8B4A-11D0-8D11-00A0C91BC942}") = "VideoQuery", "VideoQuery\VideoQuery.vcxproj", "{E7C93D0D-E6C2-46B5-A09A-DCB392020442}"
EndProject
Project("{8BC9CEB8-8B4A-11D0-8D11-00A0C91BC942}") = "VideoSemanticsExtractor", "VideoSemanticsExtractor\VideoSemanticsExtractor.vcxproj", "{6549C694-C692-4B21-A8FF-932A80DBA9DF}"
EndProject
Project("{8BC9CEB8-8B4A-11D0-8D11-00A0C91BC942}") = "WavReader", "WavReader\WavReader.vcxproj", "{CA89183E-8CE0-475D-B131-652FCFAD6DFE}"
EndProject
Project("{8BC9CEB8-8B4A-11D0-8D11-00A0C91BC942}") = "VideoPlayer", "VideoPlayer\VideoPlayer.vcxproj", "{099EFF75-8B2F-4391-8A13-CC62B439F1C4}"
EndProject
Project("{8BC9CEB8-8B4A-11D0-8D11-00A0C91BC942}") = "VideoPlayerWin", "VideoPlayerWin\VideoPlayerWin.vcxproj", "{0F94A0B6-1C1E-406E-BA4F-7C26B15A7AF1}"
EndProject
Project("{8BC9CEB8-8B4A-11D0-8D11-00A0C91BC942}") = "Comparator", "Comparator\Comparator.vcxproj", "{E3908355-7FC3-4CD5-BFB4-11EACB05A55C}"
EndProject
Global
	GlobalSection(SolutionConfigurationPlatforms) = preSolution
		Debug|Win32 = Debug|Win32
		Release|Win32 = Release|Win32
	EndGlobalSection
	GlobalSection(ProjectConfigurationPlatforms) = postSolution
		{E7C93D0D-E6C2-46B5-A09A-DCB392020442}.Debug|Win32.ActiveCfg = Debug|Win32
		{E7C93D0D-E6C2-46B5-A09A-DCB392020442}.Debug|Win32.Build.0 = Debug|Win32
		{E7C93D0D-E6C2-46B5-A09A-DCB392020442}.Release|Win32.ActiveCfg = Release|Win32
		{E7C93D0D-E6C2-46B5-A09A-DCB392020442}.Release|Win32.Build.0 = Release|Win32
		{6549C694-C692-4B21-A8FF-932A80DBA9DF}.Debug|Win32.ActiveCfg = Debug|Win32
		{6549C694-C692-4B21-A8FF-932A80DBA9DF}.Debug|Win32.Build.0 = Debug|Win32
		{6549C694-C692-4B21-A8FF-932A80DBA9DF}.Release|Win32.ActiveCfg = Release|Win32
		{6549C694-C692-4B21-A8FF-932A80DBA9DF}.Release|Win32.Build.0 = Release|Win32
		{CA89183E-8CE0-475D-B131-652FCFAD6DFE}.Debug|Win32.ActiveCfg = Debug|Win32
		{CA89183E-8CE0-475D-B131-652FCFAD6DFE}.Debug|Win32.Build.0 = Debug|Win32
		{CA89183E-8CE0-475D-B131-652FCFAD6DFE}.Release|Win32.ActiveCfg = Release|Win32
		{CA89183E-8CE0-475D-B131-652FCFAD6DFE}.Release|Win32.Build.0 = Release|Win32
		{099EFF75-8B2F-4391-8A13-CC62B439F1C4}.Debug|Win32.ActiveCfg = Debug|Win32
		{099EFF75-8B2F-4391-8A13-CC62B439F1C4}.Debug|Win32.Build.0 = Debug|Win32
		{099EFF75-8B2F-4391-8A13-CC62B439F1C4}.Release|Win32.ActiveCfg = Release|Win32
		{099EFF75-8B2F-4391-8A13-CC62B439F1C4}.Release|Win32.Build.0 = Release|Win32
		{0F94A0B6-1C1E-406E-BA4F-7C26B15A7AF1}.Debug|Win32.ActiveCfg = Debug|Win32
		{0F94A0B6-1C1E-406E-BA4F-7C26B15A7AF1}.Debug|Win32.Build.0 = Debug|Win32
		{0F94A0B6-1C1E-406E-BA4F-7C26B15A7AF1}.Release|Win32.ActiveCfg = Release|Win32
		{0F94A0B6-1C1E-406E-BA4F-7C26B15A7AF1}.Release|Win32.Build.0 = Release|Win32
		{E3908355-7FC3-4CD5-BFB4-11EACB05A55C}.Debug|Win32.ActiveCfg = Debug|Win32
		{E3908355-7FC3-4CD5-BFB4-11EACB05A55C}.Debug|Win32.Build.0 = Debug|Win32
		{E3908355-7FC3-4CD5-BFB4-11EACB05A55C}.Release|Win32.ActiveCfg = Release|Win32
		{E3908355-7FC3-4CD5-BFB4-11EACB05A55C}.Release|Win32.Build.0 = Release|Win32
	EndGlobalSection
	GlobalSection(SolutionProperties) = preSolution
		HideSolutionNode = FALSE
	EndGlobalSection
EndGlobal
